github.com/fastly/go-utils v0.0.0-20180712184237-d95a45783239 h1:Ghm4eQYC0nEPnSJdVkTrXpu9KtoVCSo1hg7mtI7G9KU=
github.com/fastly/go-utils v0.0.0-20180712184237-d95a45783239/go.mod h1:Gdwt2ce0yfBxPvZrHkprdPPTTS3N5rwmLE8T22KBXlw=
github.com/pkg/errors v0.9.1 h1:FEBLx1zS214owpjy7qsBeixbURkuhQAwrK5UwLGTwt4=
github.com/pkg/errors v0.9.1/go.mod h1:bwawxfHBFNV+L2hUp1rHADufV3IMtnDRdf1r5NINEl0=
golang.org/x/sync v0.0.0-20210220032951-036812b2e83c h1:5KslGYwFpkhGh+Q16bwMP3cOontH8FOep7tGV86Y7SQ=
golang.org/x/sync v0.0.0-20210220032951-036812b2e83c/go.mod h1:RxMgew5VJxzue5/jJTE5uejpjVlOe/izrB70Jof72aM=
